
Microsoft Visual Studio Solution File, Format Version 12.00
# Visual Studio Version 17
VisualStudioVersion = 17.7.34031.279
MinimumVisualStudioVersion = 10.0.40219.1
Project("{FAE04EC0-301F-11D3-BF4B-00C04F79EFBC}") = "marconi.nicholas.4i.LibSlotMachine", "marconi.nicholas.4i.LibSlotMachine\marconi.nicholas.4i.LibSlotMachine.csproj", "{2493F264-86F6-4757-9CB0-48418A24F82C}"
EndProject
Project("{FAE04EC0-301F-11D3-BF4B-00C04F79EFBC}") = "marconi.nicholas.4i.CLISlotMachine", "marconi.nicholas.4i.CLISlotMachine\marconi.nicholas.4i.CLISlotMachine.csproj", "{09DAB836-8152-40C4-B766-B158F236FF7A}"
EndProject
Project("{FAE04EC0-301F-11D3-BF4B-00C04F79EFBC}") = "marconi.nicholas.4i.WPFSlotMachine", "marconi.nicholas.4i.WPFSlotMachine\marconi.nicholas.4i.WPFSlotMachine.csproj", "{FC1B5E68-2F86-423B-93C4-988206D264CE}"
EndProject
Global
	GlobalSection(SolutionConfigurationPlatforms) = preSolution
		Debug|Any CPU = Debug|Any CPU
		Release|Any CPU = Release|Any CPU
	EndGlobalSection
	GlobalSection(ProjectConfigurationPlatforms) = postSolution
		{2493F264-86F6-4757-9CB0-48418A24F82C}.Debug|Any CPU.ActiveCfg = Debug|Any CPU
		{2493F264-86F6-4757-9CB0-48418A24F82C}.Debug|Any CPU.Build.0 = Debug|Any CPU
		{2493F264-86F6-4757-9CB0-48418A24F82C}.Release|Any CPU.ActiveCfg = Release|Any CPU
		{2493F264-86F6-4757-9CB0-48418A24F82C}.Release|Any CPU.Build.0 = Release|Any CPU
		{09DAB836-8152-40C4-B766-B158F236FF7A}.Debug|Any CPU.ActiveCfg = Debug|Any CPU
		{09DAB836-8152-40C4-B766-B158F236FF7A}.Debug|Any CPU.Build.0 = Debug|Any CPU
		{09DAB836-8152-40C4-B766-B158F236FF7A}.Release|Any CPU.ActiveCfg = Release|Any CPU
		{09DAB836-8152-40C4-B766-B158F236FF7A}.Release|Any CPU.Build.0 = Release|Any CPU
		{FC1B5E68-2F86-423B-93C4-988206D264CE}.Debug|Any CPU.ActiveCfg = Debug|Any CPU
		{FC1B5E68-2F86-423B-93C4-988206D264CE}.Debug|Any CPU.Build.0 = Debug|Any CPU
		{FC1B5E68-2F86-423B-93C4-988206D264CE}.Release|Any CPU.ActiveCfg = Release|Any CPU
		{FC1B5E68-2F86-423B-93C4-988206D264CE}.Release|Any CPU.Build.0 = Release|Any CPU
	EndGlobalSection
	GlobalSection(SolutionProperties) = preSolution
		HideSolutionNode = FALSE
	EndGlobalSection
	GlobalSection(ExtensibilityGlobals) = postSolution
		SolutionGuid = {36F78916-1E97-4A40-9588-1A25F21CB3AF}
	EndGlobalSection
EndGlobal
